
Microsoft Visual Studio Solution File, Format Version 12.00
# Visual Studio Version 17
VisualStudioVersion = 17.7.34031.279
MinimumVisualStudioVersion = 10.0.40219.1
Project("{FAE04EC0-301F-11D3-BF4B-00C04F79EFBC}") = "Projeto Biblioteca", "Projeto Biblioteca\Projeto Biblioteca.csproj", "{AEBB08D6-EBFE-4C20-A6C8-64077F795C01}"
EndProject
Global
	GlobalSection(SolutionConfigurationPlatforms) = preSolution
		Debug|Any CPU = Debug|Any CPU
		Release|Any CPU = Release|Any CPU
	EndGlobalSection
	GlobalSection(ProjectConfigurationPlatforms) = postSolution
		{AEBB08D6-EBFE-4C20-A6C8-64077F795C01}.Debug|Any CPU.ActiveCfg = Debug|Any CPU
		{AEBB08D6-EBFE-4C20-A6C8-64077F795C01}.Debug|Any CPU.Build.0 = Debug|Any CPU
		{AEBB08D6-EBFE-4C20-A6C8-64077F795C01}.Release|Any CPU.ActiveCfg = Release|Any CPU
		{AEBB08D6-EBFE-4C20-A6C8-64077F795C01}.Release|Any CPU.Build.0 = Release|Any CPU
	EndGlobalSection
	GlobalSection(SolutionProperties) = preSolution
		HideSolutionNode = FALSE
	EndGlobalSection
	GlobalSection(ExtensibilityGlobals) = postSolution
		SolutionGuid = {8764B196-D931-47F8-A008-241EE797BFF1}
	EndGlobalSection
EndGlobal
